
Microsoft Visual Studio Solution File, Format Version 12.00
# Visual Studio Version 17
VisualStudioVersion = 17.3.32922.545
MinimumVisualStudioVersion = 10.0.40219.1
Project("{FAE04EC0-301F-11D3-BF4B-00C04F79EFBC}") = "MinimalApi", "MinimalApi\MinimalApi.csproj", "{C6E720E2-2E59-4286-9D4C-DB66A7839A4A}"
EndProject
Global
	GlobalSection(SolutionConfigurationPlatforms) = preSolution
		Debug|Any CPU = Debug|Any CPU
		Release|Any CPU = Release|Any CPU
	EndGlobalSection
	GlobalSection(ProjectConfigurationPlatforms) = postSolution
		{C6E720E2-2E59-4286-9D4C-DB66A7839A4A}.Debug|Any CPU.ActiveCfg = Debug|Any CPU
		{C6E720E2-2E59-4286-9D4C-DB66A7839A4A}.Debug|Any CPU.Build.0 = Debug|Any CPU
		{C6E720E2-2E59-4286-9D4C-DB66A7839A4A}.Release|Any CPU.ActiveCfg = Release|Any CPU
		{C6E720E2-2E59-4286-9D4C-DB66A7839A4A}.Release|Any CPU.Build.0 = Release|Any CPU
	EndGlobalSection
	GlobalSection(SolutionProperties) = preSolution
		HideSolutionNode = FALSE
	EndGlobalSection
	GlobalSection(ExtensibilityGlobals) = postSolution
		SolutionGuid = {C8A2D0C4-04F0-4B98-8D6D-81DE3F8E94E0}
	EndGlobalSection
EndGlobal
